
Microsoft Visual Studio Solution File, Format Version 12.00
# Visual Studio Version 17
VisualStudioVersion = 17.5.002.0
MinimumVisualStudioVersion = 10.0.40219.1
Project("{9A19103F-16F7-4668-BE54-9A1E7A4F7556}") = "doptask12", "doptask12\doptask12.csproj", "{E56FD8B8-7432-4045-A20B-CF137ED91E1A}"
EndProject
Project("{9A19103F-16F7-4668-BE54-9A1E7A4F7556}") = "doptask13", "doptask13\doptask13.csproj", "{CFC7CCD5-96CD-42C8-9E89-E2999F4813CD}"
EndProject
Project("{9A19103F-16F7-4668-BE54-9A1E7A4F7556}") = "task00", "task00\task00.csproj", "{4334627E-4FF4-49D4-8D94-A8EB0647B976}"
EndProject
Project("{9A19103F-16F7-4668-BE54-9A1E7A4F7556}") = "task01", "task01\task01.csproj", "{685A5805-84A9-4167-B6BA-3C4D81B1B8E8}"
EndProject
Project("{9A19103F-16F7-4668-BE54-9A1E7A4F7556}") = "task02", "task02\task02.csproj", "{1D0A0A42-32A6-4E39-A485-7C6F9E8E8AEC}"
EndProject
Project("{9A19103F-16F7-4668-BE54-9A1E7A4F7556}") = "task03", "task03\task03.csproj", "{48C46073-E86B-400E-899F-6F457856BEB3}"
EndProject
Project("{9A19103F-16F7-4668-BE54-9A1E7A4F7556}") = "task04", "task04\task04.csproj", "{8A346066-D9C5-4685-9C96-F6B32AEF179A}"
EndProject
Project("{9A19103F-16F7-4668-BE54-9A1E7A4F7556}") = "task05", "task05\task05.csproj", "{C8D97306-A58C-4076-AAC6-22DAE14859AD}"
EndProject
Project("{9A19103F-16F7-4668-BE54-9A1E7A4F7556}") = "task06", "task06\task06.csproj", "{E02BD119-024C-40D9-B169-0DA018FBDCAC}"
EndProject
Project("{9A19103F-16F7-4668-BE54-9A1E7A4F7556}") = "task07", "task07\task07.csproj", "{B7BCCA97-B2F1-407A-9A52-3D9EFEFADAFE}"
EndProject
Project("{9A19103F-16F7-4668-BE54-9A1E7A4F7556}") = "task08", "task08\task08.csproj", "{864EBA55-8C9D-4CEB-BDA2-AB03DC98107C}"
EndProject
Project("{9A19103F-16F7-4668-BE54-9A1E7A4F7556}") = "task09", "task09\task09.csproj", "{C72737BF-4BDA-44FA-A21C-EFFB7E8608C6}"
EndProject
Project("{9A19103F-16F7-4668-BE54-9A1E7A4F7556}") = "task10", "task10\task10.csproj", "{E6A032BD-B66B-423C-80E3-52F2F060BA15}"
EndProject
Project("{9A19103F-16F7-4668-BE54-9A1E7A4F7556}") = "task10 (1)", "task11\task10.csproj", "{59D536DF-8447-47EB-8F72-586D4985DC1B}"
EndProject
Project("{9A19103F-16F7-4668-BE54-9A1E7A4F7556}") = "task12", "task12\task12.csproj", "{A7CCF5A9-A216-486B-8F40-0CA9237F6A30}"
EndProject
Project("{9A19103F-16F7-4668-BE54-9A1E7A4F7556}") = "task13", "task13\task13.csproj", "{893C7F03-1E5C-42BB-A53C-C312ED741FF6}"
EndProject
Project("{9A19103F-16F7-4668-BE54-9A1E7A4F7556}") = "taks14", "task14\taks14.csproj", "{7082DC2E-DCD5-4F14-AFCD-145A1ADD6375}"
EndProject
Project("{9A19103F-16F7-4668-BE54-9A1E7A4F7556}") = "task15", "task15\task15.csproj", "{0F7CE3E0-E23F-4BB2-8E1E-9A09640D05B1}"
EndProject
Project("{9A19103F-16F7-4668-BE54-9A1E7A4F7556}") = "taks16", "task16\taks16.csproj", "{0A67253E-75E3-419C-87CD-5CD97E9BB93C}"
EndProject
Project("{9A19103F-16F7-4668-BE54-9A1E7A4F7556}") = "task17", "task17\task17.csproj", "{85A2F800-250B-4B0E-9A7E-847B8D00A61E}"
EndProject
Project("{9A19103F-16F7-4668-BE54-9A1E7A4F7556}") = "task18", "task18\task18.csproj", "{B55E2DB5-9E6F-4D76-B961-D3B23041E005}"
EndProject
Project("{9A19103F-16F7-4668-BE54-9A1E7A4F7556}") = "task19", "task19\task19.csproj", "{10D3B713-0A2A-46DE-89B8-6184BA34B1E0}"
EndProject
Project("{9A19103F-16F7-4668-BE54-9A1E7A4F7556}") = "task20", "task20\task20.csproj", "{D845B370-9C07-40C1-AD30-077ADA2101DA}"
EndProject
Project("{9A19103F-16F7-4668-BE54-9A1E7A4F7556}") = "task21", "task21\task21.csproj", "{6D976546-01DB-45D2-9DBD-7B0A36289659}"
EndProject
Project("{9A19103F-16F7-4668-BE54-9A1E7A4F7556}") = "task22", "task22\task22.csproj", "{EE1DB703-D51D-4DCA-A0F8-851B97A542B6}"
EndProject
Project("{9A19103F-16F7-4668-BE54-9A1E7A4F7556}") = "task23", "task23\task23.csproj", "{FBC6136A-3EFF-4138-A5F5-1E65A0B62A9E}"
EndProject
Project("{9A19103F-16F7-4668-BE54-9A1E7A4F7556}") = "task24", "task24\task24.csproj", "{AAC4C14F-4306-4338-AE13-3E4A3FD56A54}"
EndProject
Project("{9A19103F-16F7-4668-BE54-9A1E7A4F7556}") = "task26", "task26\task26.csproj", "{DE6DCFFF-794F-4757-842B-DC514ADE038D}"
EndProject
Global
	GlobalSection(SolutionConfigurationPlatforms) = preSolution
		Debug|Any CPU = Debug|Any CPU
		Release|Any CPU = Release|Any CPU
	EndGlobalSection
	GlobalSection(ProjectConfigurationPlatforms) = postSolution
		{E56FD8B8-7432-4045-A20B-CF137ED91E1A}.Debug|Any CPU.ActiveCfg = Debug|Any CPU
		{E56FD8B8-7432-4045-A20B-CF137ED91E1A}.Debug|Any CPU.Build.0 = Debug|Any CPU
		{E56FD8B8-7432-4045-A20B-CF137ED91E1A}.Release|Any CPU.ActiveCfg = Release|Any CPU
		{E56FD8B8-7432-4045-A20B-CF137ED91E1A}.Release|Any CPU.Build.0 = Release|Any CPU
		{CFC7CCD5-96CD-42C8-9E89-E2999F4813CD}.Debug|Any CPU.ActiveCfg = Debug|Any CPU
		{CFC7CCD5-96CD-42C8-9E89-E2999F4813CD}.Debug|Any CPU.Build.0 = Debug|Any CPU
		{CFC7CCD5-96CD-42C8-9E89-E2999F4813CD}.Release|Any CPU.ActiveCfg = Release|Any CPU
		{CFC7CCD5-96CD-42C8-9E89-E2999F4813CD}.Release|Any CPU.Build.0 = Release|Any CPU
		{4334627E-4FF4-49D4-8D94-A8EB0647B976}.Debug|Any CPU.ActiveCfg = Debug|Any CPU
		{4334627E-4FF4-49D4-8D94-A8EB0647B976}.Debug|Any CPU.Build.0 = Debug|Any CPU
		{4334627E-4FF4-49D4-8D94-A8EB0647B976}.Release|Any CPU.ActiveCfg = Release|Any CPU
		{4334627E-4FF4-49D4-8D94-A8EB0647B976}.Release|Any CPU.Build.0 = Release|Any CPU
		{685A5805-84A9-4167-B6BA-3C4D81B1B8E8}.Debug|Any CPU.ActiveCfg = Debug|Any CPU
		{685A5805-84A9-4167-B6BA-3C4D81B1B8E8}.Debug|Any CPU.Build.0 = Debug|Any CPU
		{685A5805-84A9-4167-B6BA-3C4D81B1B8E8}.Release|Any CPU.ActiveCfg = Release|Any CPU
		{685A5805-84A9-4167-B6BA-3C4D81B1B8E8}.Release|Any CPU.Build.0 = Release|Any CPU
		{1D0A0A42-32A6-4E39-A485-7C6F9E8E8AEC}.Debug|Any CPU.ActiveCfg = Debug|Any CPU
		{1D0A0A42-32A6-4E39-A485-7C6F9E8E8AEC}.Debug|Any CPU.Build.0 = Debug|Any CPU
		{1D0A0A42-32A6-4E39-A485-7C6F9E8E8AEC}.Release|Any CPU.ActiveCfg = Release|Any CPU
		{1D0A0A42-32A6-4E39-A485-7C6F9E8E8AEC}.Release|Any CPU.Build.0 = Release|Any CPU
		{48C46073-E86B-400E-899F-6F457856BEB3}.Debug|Any CPU.ActiveCfg = Debug|Any CPU
		{48C46073-E86B-400E-899F-6F457856BEB3}.Debug|Any CPU.Build.0 = Debug|Any CPU
		{48C46073-E86B-400E-899F-6F457856BEB3}.Release|Any CPU.ActiveCfg = Release|Any CPU
		{48C46073-E86B-400E-899F-6F457856BEB3}.Release|Any CPU.Build.0 = Release|Any CPU
		{8A346066-D9C5-4685-9C96-F6B32AEF179A}.Debug|Any CPU.ActiveCfg = Debug|Any CPU
		{8A346066-D9C5-4685-9C96-F6B32AEF179A}.Debug|Any CPU.Build.0 = Debug|Any CPU
		{8A346066-D9C5-4685-9C96-F6B32AEF179A}.Release|Any CPU.ActiveCfg = Release|Any CPU
		{8A346066-D9C5-4685-9C96-F6B32AEF179A}.Release|Any CPU.Build.0 = Release|Any CPU
		{C8D97306-A58C-4076-AAC6-22DAE14859AD}.Debug|Any CPU.ActiveCfg = Debug|Any CPU
		{C8D97306-A58C-4076-AAC6-22DAE14859AD}.Debug|Any CPU.Build.0 = Debug|Any CPU
		{C8D97306-A58C-4076-AAC6-22DAE14859AD}.Release|Any CPU.ActiveCfg = Release|Any CPU
		{C8D97306-A58C-4076-AAC6-22DAE14859AD}.Release|Any CPU.Build.0 = Release|Any CPU
		{E02BD119-024C-40D9-B169-0DA018FBDCAC}.Debug|Any CPU.ActiveCfg = Debug|Any CPU
		{E02BD119-024C-40D9-B169-0DA018FBDCAC}.Debug|Any CPU.Build.0 = Debug|Any CPU
		{E02BD119-024C-40D9-B169-0DA018FBDCAC}.Release|Any CPU.ActiveCfg = Release|Any CPU
		{E02BD119-024C-40D9-B169-0DA018FBDCAC}.Release|Any CPU.Build.0 = Release|Any CPU
		{B7BCCA97-B2F1-407A-9A52-3D9EFEFADAFE}.Debug|Any CPU.ActiveCfg = Debug|Any CPU
		{B7BCCA97-B2F1-407A-9A52-3D9EFEFADAFE}.Debug|Any CPU.Build.0 = Debug|Any CPU
		{B7BCCA97-B2F1-407A-9A52-3D9EFEFADAFE}.Release|Any CPU.ActiveCfg = Release|Any CPU
		{B7BCCA97-B2F1-407A-9A52-3D9EFEFADAFE}.Release|Any CPU.Build.0 = Release|Any CPU
		{864EBA55-8C9D-4CEB-BDA2-AB03DC98107C}.Debug|Any CPU.ActiveCfg = Debug|Any CPU
		{864EBA55-8C9D-4CEB-BDA2-AB03DC98107C}.Debug|Any CPU.Build.0 = Debug|Any CPU
		{864EBA55-8C9D-4CEB-BDA2-AB03DC98107C}.Release|Any CPU.ActiveCfg = Release|Any CPU
		{864EBA55-8C9D-4CEB-BDA2-AB03DC98107C}.Release|Any CPU.Build.0 = Release|Any CPU
		{C72737BF-4BDA-44FA-A21C-EFFB7E8608C6}.Debug|Any CPU.ActiveCfg = Debug|Any CPU
		{C72737BF-4BDA-44FA-A21C-EFFB7E8608C6}.Debug|Any CPU.Build.0 = Debug|Any CPU
		{C72737BF-4BDA-44FA-A21C-EFFB7E8608C6}.Release|Any CPU.ActiveCfg = Release|Any CPU
		{C72737BF-4BDA-44FA-A21C-EFFB7E8608C6}.Release|Any CPU.Build.0 = Release|Any CPU
		{E6A032BD-B66B-423C-80E3-52F2F060BA15}.Debug|Any CPU.ActiveCfg = Debug|Any CPU
		{E6A032BD-B66B-423C-80E3-52F2F060BA15}.Debug|Any CPU.Build.0 = Debug|Any CPU
		{E6A032BD-B66B-423C-80E3-52F2F060BA15}.Release|Any CPU.ActiveCfg = Release|Any CPU
		{E6A032BD-B66B-423C-80E3-52F2F060BA15}.Release|Any CPU.Build.0 = Release|Any CPU
		{59D536DF-8447-47EB-8F72-586D4985DC1B}.Debug|Any CPU.ActiveCfg = Debug|Any CPU
		{59D536DF-8447-47EB-8F72-586D4985DC1B}.Debug|Any CPU.Build.0 = Debug|Any CPU
		{59D536DF-8447-47EB-8F72-586D4985DC1B}.Release|Any CPU.ActiveCfg = Release|Any CPU
		{59D536DF-8447-47EB-8F72-586D4985DC1B}.Release|Any CPU.Build.0 = Release|Any CPU
		{A7CCF5A9-A216-486B-8F40-0CA9237F6A30}.Debug|Any CPU.ActiveCfg = Debug|Any CPU
		{A7CCF5A9-A216-486B-8F40-0CA9237F6A30}.Debug|Any CPU.Build.0 = Debug|Any CPU
		{A7CCF5A9-A216-486B-8F40-0CA9237F6A30}.Release|Any CPU.ActiveCfg = Release|Any CPU
		{A7CCF5A9-A216-486B-8F40-0CA9237F6A30}.Release|Any CPU.Build.0 = Release|Any CPU
		{893C7F03-1E5C-42BB-A53C-C312ED741FF6}.Debug|Any CPU.ActiveCfg = Debug|Any CPU
		{893C7F03-1E5C-42BB-A53C-C312ED741FF6}.Debug|Any CPU.Build.0 = Debug|Any CPU
		{893C7F03-1E5C-42BB-A53C-C312ED741FF6}.Release|Any CPU.ActiveCfg = Release|Any CPU
		{893C7F03-1E5C-42BB-A53C-C312ED741FF6}.Release|Any CPU.Build.0 = Release|Any CPU
		{7082DC2E-DCD5-4F14-AFCD-145A1ADD6375}.Debug|Any CPU.ActiveCfg = Debug|Any CPU
		{7082DC2E-DCD5-4F14-AFCD-145A1ADD6375}.Debug|Any CPU.Build.0 = Debug|Any CPU
		{7082DC2E-DCD5-4F14-AFCD-145A1ADD6375}.Release|Any CPU.ActiveCfg = Release|Any CPU
		{7082DC2E-DCD5-4F14-AFCD-145A1ADD6375}.Release|Any CPU.Build.0 = Release|Any CPU
		{0F7CE3E0-E23F-4BB2-8E1E-9A09640D05B1}.Debug|Any CPU.ActiveCfg = Debug|Any CPU
		{0F7CE3E0-E23F-4BB2-8E1E-9A09640D05B1}.Debug|Any CPU.Build.0 = Debug|Any CPU
		{0F7CE3E0-E23F-4BB2-8E1E-9A09640D05B1}.Release|Any CPU.ActiveCfg = Release|Any CPU
		{0F7CE3E0-E23F-4BB2-8E1E-9A09640D05B1}.Release|Any CPU.Build.0 = Release|Any CPU
		{0A67253E-75E3-419C-87CD-5CD97E9BB93C}.Debug|Any CPU.ActiveCfg = Debug|Any CPU
		{0A67253E-75E3-419C-87CD-5CD97E9BB93C}.Debug|Any CPU.Build.0 = Debug|Any CPU
		{0A67253E-75E3-419C-87CD-5CD97E9BB93C}.Release|Any CPU.ActiveCfg = Release|Any CPU
		{0A67253E-75E3-419C-87CD-5CD97E9BB93C}.Release|Any CPU.Build.0 = Release|Any CPU
		{85A2F800-250B-4B0E-9A7E-847B8D00A61E}.Debug|Any CPU.ActiveCfg = Debug|Any CPU
		{85A2F800-250B-4B0E-9A7E-847B8D00A61E}.Debug|Any CPU.Build.0 = Debug|Any CPU
		{85A2F800-250B-4B0E-9A7E-847B8D00A61E}.Release|Any CPU.ActiveCfg = Release|Any CPU
		{85A2F800-250B-4B0E-9A7E-847B8D00A61E}.Release|Any CPU.Build.0 = Release|Any CPU
		{B55E2DB5-9E6F-4D76-B961-D3B23041E005}.Debug|Any CPU.ActiveCfg = Debug|Any CPU
		{B55E2DB5-9E6F-4D76-B961-D3B23041E005}.Debug|Any CPU.Build.0 = Debug|Any CPU
		{B55E2DB5-9E6F-4D76-B961-D3B23041E005}.Release|Any CPU.ActiveCfg = Release|Any CPU
		{B55E2DB5-9E6F-4D76-B961-D3B23041E005}.Release|Any CPU.Build.0 = Release|Any CPU
		{10D3B713-0A2A-46DE-89B8-6184BA34B1E0}.Debug|Any CPU.ActiveCfg = Debug|Any CPU
		{10D3B713-0A2A-46DE-89B8-6184BA34B1E0}.Debug|Any CPU.Build.0 = Debug|Any CPU
		{10D3B713-0A2A-46DE-89B8-6184BA34B1E0}.Release|Any CPU.ActiveCfg = Release|Any CPU
		{10D3B713-0A2A-46DE-89B8-6184BA34B1E0}.Release|Any CPU.Build.0 = Release|Any CPU
		{D845B370-9C07-40C1-AD30-077ADA2101DA}.Debug|Any CPU.ActiveCfg = Debug|Any CPU
		{D845B370-9C07-40C1-AD30-077ADA2101DA}.Debug|Any CPU.Build.0 = Debug|Any CPU
		{D845B370-9C07-40C1-AD30-077ADA2101DA}.Release|Any CPU.ActiveCfg = Release|Any CPU
		{D845B370-9C07-40C1-AD30-077ADA2101DA}.Release|Any CPU.Build.0 = Release|Any CPU
		{6D976546-01DB-45D2-9DBD-7B0A36289659}.Debug|Any CPU.ActiveCfg = Debug|Any CPU
		{6D976546-01DB-45D2-9DBD-7B0A36289659}.Debug|Any CPU.Build.0 = Debug|Any CPU
		{6D976546-01DB-45D2-9DBD-7B0A36289659}.Release|Any CPU.ActiveCfg = Release|Any CPU
		{6D976546-01DB-45D2-9DBD-7B0A36289659}.Release|Any CPU.Build.0 = Release|Any CPU
		{EE1DB703-D51D-4DCA-A0F8-851B97A542B6}.Debug|Any CPU.ActiveCfg = Debug|Any CPU
		{EE1DB703-D51D-4DCA-A0F8-851B97A542B6}.Debug|Any CPU.Build.0 = Debug|Any CPU
		{EE1DB703-D51D-4DCA-A0F8-851B97A542B6}.Release|Any CPU.ActiveCfg = Release|Any CPU
		{EE1DB703-D51D-4DCA-A0F8-851B97A542B6}.Release|Any CPU.Build.0 = Release|Any CPU
		{FBC6136A-3EFF-4138-A5F5-1E65A0B62A9E}.Debug|Any CPU.ActiveCfg = Debug|Any CPU
		{FBC6136A-3EFF-4138-A5F5-1E65A0B62A9E}.Debug|Any CPU.Build.0 = Debug|Any CPU
		{FBC6136A-3EFF-4138-A5F5-1E65A0B62A9E}.Release|Any CPU.ActiveCfg = Release|Any CPU
		{FBC6136A-3EFF-4138-A5F5-1E65A0B62A9E}.Release|Any CPU.Build.0 = Release|Any CPU
		{AAC4C14F-4306-4338-AE13-3E4A3FD56A54}.Debug|Any CPU.ActiveCfg = Debug|Any CPU
		{AAC4C14F-4306-4338-AE13-3E4A3FD56A54}.Debug|Any CPU.Build.0 = Debug|Any CPU
		{AAC4C14F-4306-4338-AE13-3E4A3FD56A54}.Release|Any CPU.ActiveCfg = Release|Any CPU
		{AAC4C14F-4306-4338-AE13-3E4A3FD56A54}.Release|Any CPU.Build.0 = Release|Any CPU
		{DE6DCFFF-794F-4757-842B-DC514ADE038D}.Debug|Any CPU.ActiveCfg = Debug|Any CPU
		{DE6DCFFF-794F-4757-842B-DC514ADE038D}.Debug|Any CPU.Build.0 = Debug|Any CPU
		{DE6DCFFF-794F-4757-842B-DC514ADE038D}.Release|Any CPU.ActiveCfg = Release|Any CPU
		{DE6DCFFF-794F-4757-842B-DC514ADE038D}.Release|Any CPU.Build.0 = Release|Any CPU
	EndGlobalSection
	GlobalSection(SolutionProperties) = preSolution
		HideSolutionNode = FALSE
	EndGlobalSection
	GlobalSection(ExtensibilityGlobals) = postSolution
		SolutionGuid = {D361B4B9-59FE-4A31-88B2-6EE743A274FE}
	EndGlobalSection
EndGlobal
